
Microsoft Visual Studio Solution File, Format Version 12.00
# Visual Studio Version 17
VisualStudioVersion = 17.11.35312.102
MinimumVisualStudioVersion = 10.0.40219.1
Project("{FAE04EC0-301F-11D3-BF4B-00C04F79EFBC}") = "Assignment_4", "Assignment_4.csproj", "{607391DB-D05D-434C-9BA0-243A6BF54942}"
EndProject
Global
	GlobalSection(SolutionConfigurationPlatforms) = preSolution
		Debug|Any CPU = Debug|Any CPU
		Release|Any CPU = Release|Any CPU
	EndGlobalSection
	GlobalSection(ProjectConfigurationPlatforms) = postSolution
		{607391DB-D05D-434C-9BA0-243A6BF54942}.Debug|Any CPU.ActiveCfg = Debug|Any CPU
		{607391DB-D05D-434C-9BA0-243A6BF54942}.Debug|Any CPU.Build.0 = Debug|Any CPU
		{607391DB-D05D-434C-9BA0-243A6BF54942}.Release|Any CPU.ActiveCfg = Release|Any CPU
		{607391DB-D05D-434C-9BA0-243A6BF54942}.Release|Any CPU.Build.0 = Release|Any CPU
	EndGlobalSection
	GlobalSection(SolutionProperties) = preSolution
		HideSolutionNode = FALSE
	EndGlobalSection
	GlobalSection(ExtensibilityGlobals) = postSolution
		SolutionGuid = {807206F7-35EE-42B2-9C71-F68435DB9EA6}
	EndGlobalSection
EndGlobal
