
Microsoft Visual Studio Solution File, Format Version 12.00
# Visual Studio Version 17
VisualStudioVersion = 17.11.35312.102
MinimumVisualStudioVersion = 10.0.40219.1
Project("{FAE04EC0-301F-11D3-BF4B-00C04F79EFBC}") = "Assignment_1", "Assignment_1.csproj", "{76710A3D-1F8E-40E3-99D5-2320512E636C}"
EndProject
Global
	GlobalSection(SolutionConfigurationPlatforms) = preSolution
		Debug|Any CPU = Debug|Any CPU
		Release|Any CPU = Release|Any CPU
	EndGlobalSection
	GlobalSection(ProjectConfigurationPlatforms) = postSolution
		{76710A3D-1F8E-40E3-99D5-2320512E636C}.Debug|Any CPU.ActiveCfg = Debug|Any CPU
		{76710A3D-1F8E-40E3-99D5-2320512E636C}.Debug|Any CPU.Build.0 = Debug|Any CPU
		{76710A3D-1F8E-40E3-99D5-2320512E636C}.Release|Any CPU.ActiveCfg = Release|Any CPU
		{76710A3D-1F8E-40E3-99D5-2320512E636C}.Release|Any CPU.Build.0 = Release|Any CPU
	EndGlobalSection
	GlobalSection(SolutionProperties) = preSolution
		HideSolutionNode = FALSE
	EndGlobalSection
	GlobalSection(ExtensibilityGlobals) = postSolution
		SolutionGuid = {D712B929-44D6-4346-A2A6-A5D02BC08747}
	EndGlobalSection
EndGlobal
