
Microsoft Visual Studio Solution File, Format Version 12.00
# Visual Studio Version 17
VisualStudioVersion = 17.11.35312.102
MinimumVisualStudioVersion = 10.0.40219.1
Project("{FAE04EC0-301F-11D3-BF4B-00C04F79EFBC}") = "Assignment_2", "Assignment_2.csproj", "{00411E51-002B-4278-90DE-A153FC64297D}"
EndProject
Global
	GlobalSection(SolutionConfigurationPlatforms) = preSolution
		Debug|Any CPU = Debug|Any CPU
		Release|Any CPU = Release|Any CPU
	EndGlobalSection
	GlobalSection(ProjectConfigurationPlatforms) = postSolution
		{00411E51-002B-4278-90DE-A153FC64297D}.Debug|Any CPU.ActiveCfg = Debug|Any CPU
		{00411E51-002B-4278-90DE-A153FC64297D}.Debug|Any CPU.Build.0 = Debug|Any CPU
		{00411E51-002B-4278-90DE-A153FC64297D}.Release|Any CPU.ActiveCfg = Release|Any CPU
		{00411E51-002B-4278-90DE-A153FC64297D}.Release|Any CPU.Build.0 = Release|Any CPU
	EndGlobalSection
	GlobalSection(SolutionProperties) = preSolution
		HideSolutionNode = FALSE
	EndGlobalSection
	GlobalSection(ExtensibilityGlobals) = postSolution
		SolutionGuid = {242D37D0-FCE9-48B3-A317-77AEA5BE2342}
	EndGlobalSection
EndGlobal
