
Microsoft Visual Studio Solution File, Format Version 12.00
# Visual Studio Version 17
VisualStudioVersion = 17.11.35312.102
MinimumVisualStudioVersion = 10.0.40219.1
Project("{FAE04EC0-301F-11D3-BF4B-00C04F79EFBC}") = "Assignment_5_Client", "Assignment_5_Client.csproj", "{CC8BEED3-9A6F-4D94-8457-50AA6700E82E}"
EndProject
Global
	GlobalSection(SolutionConfigurationPlatforms) = preSolution
		Debug|Any CPU = Debug|Any CPU
		Release|Any CPU = Release|Any CPU
	EndGlobalSection
	GlobalSection(ProjectConfigurationPlatforms) = postSolution
		{CC8BEED3-9A6F-4D94-8457-50AA6700E82E}.Debug|Any CPU.ActiveCfg = Debug|Any CPU
		{CC8BEED3-9A6F-4D94-8457-50AA6700E82E}.Debug|Any CPU.Build.0 = Debug|Any CPU
		{CC8BEED3-9A6F-4D94-8457-50AA6700E82E}.Release|Any CPU.ActiveCfg = Release|Any CPU
		{CC8BEED3-9A6F-4D94-8457-50AA6700E82E}.Release|Any CPU.Build.0 = Release|Any CPU
	EndGlobalSection
	GlobalSection(SolutionProperties) = preSolution
		HideSolutionNode = FALSE
	EndGlobalSection
	GlobalSection(ExtensibilityGlobals) = postSolution
		SolutionGuid = {8BC5AFE1-CE29-4171-94B8-E0D18B70D52F}
	EndGlobalSection
EndGlobal
